
Microsoft Visual Studio Solution File, Format Version 12.00
# Visual Studio Version 17
VisualStudioVersion = 17.12.35728.132
MinimumVisualStudioVersion = 10.0.40219.1
Project("{FAE04EC0-301F-11D3-BF4B-00C04F79EFBC}") = "TodoList", "TodoList\TodoList.csproj", "{B1AEBC15-9A61-4FEA-9671-2A632A8C7959}"
EndProject
Project("{FAE04EC0-301F-11D3-BF4B-00C04F79EFBC}") = "TodoList.Tests", "TodoList.Tests\TodoList.Tests.csproj", "{BA41876E-096F-4F80-AD7E-0A60BA651877}"
EndProject
Global
	GlobalSection(SolutionConfigurationPlatforms) = preSolution
		Debug|Any CPU = Debug|Any CPU
		Release|Any CPU = Release|Any CPU
	EndGlobalSection
	GlobalSection(ProjectConfigurationPlatforms) = postSolution
		{B1AEBC15-9A61-4FEA-9671-2A632A8C7959}.Debug|Any CPU.ActiveCfg = Debug|Any CPU
		{B1AEBC15-9A61-4FEA-9671-2A632A8C7959}.Debug|Any CPU.Build.0 = Debug|Any CPU
		{B1AEBC15-9A61-4FEA-9671-2A632A8C7959}.Release|Any CPU.ActiveCfg = Release|Any CPU
		{B1AEBC15-9A61-4FEA-9671-2A632A8C7959}.Release|Any CPU.Build.0 = Release|Any CPU
		{BA41876E-096F-4F80-AD7E-0A60BA651877}.Debug|Any CPU.ActiveCfg = Debug|Any CPU
		{BA41876E-096F-4F80-AD7E-0A60BA651877}.Debug|Any CPU.Build.0 = Debug|Any CPU
		{BA41876E-096F-4F80-AD7E-0A60BA651877}.Release|Any CPU.ActiveCfg = Release|Any CPU
		{BA41876E-096F-4F80-AD7E-0A60BA651877}.Release|Any CPU.Build.0 = Release|Any CPU
	EndGlobalSection
	GlobalSection(SolutionProperties) = preSolution
		HideSolutionNode = FALSE
	EndGlobalSection
	GlobalSection(ExtensibilityGlobals) = postSolution
		SolutionGuid = {99CD2629-330B-4926-AEB4-7039FC7480B2}
	EndGlobalSection
EndGlobal
